
Microsoft Visual Studio Solution File, Format Version 12.00
# Visual Studio Version 17
VisualStudioVersion = 17.11.35327.3
MinimumVisualStudioVersion = 10.0.40219.1
Project("{2150E333-8FDC-42A3-9474-1A3956D46DE8}") = "Services", "Services", "{F9FBC0E3-8901-42F1-A1B3-70FBB0033A0E}"
EndProject
Project("{2150E333-8FDC-42A3-9474-1A3956D46DE8}") = "Catalog", "Catalog", "{52E69C2F-D1CA-4615-A9C1-C2A506BFA1B6}"
EndProject
Project("{9A19103F-16F7-4668-BE54-9A1E7A4F7556}") = "Catalog.API", "Services\Catalog\Catalog.API\Catalog.API.csproj", "{541C92A2-E61A-4D10-AB5B-D053CD773A20}"
EndProject
Project("{2150E333-8FDC-42A3-9474-1A3956D46DE8}") = "BuildingBlocks", "BuildingBlocks", "{5448D469-9F9F-4DB5-8B5C-B5D2F8DB74D0}"
EndProject
Project("{9A19103F-16F7-4668-BE54-9A1E7A4F7556}") = "BuildingBlocks", "BuildingBlocks\BuildingBlocks\BuildingBlocks.csproj", "{9EFE83D4-81A3-4DCB-A8E4-04791E35E81B}"
EndProject
Project("{E53339B2-1760-4266-BCC7-CA923CBCF16C}") = "docker-compose", "docker-compose.dcproj", "{4D92D4BF-05C1-4136-8EF7-D3A0F0629BB0}"
EndProject
Project("{2150E333-8FDC-42A3-9474-1A3956D46DE8}") = "Basket", "Basket", "{858AFACE-3B2C-4D81-94E6-7CE3FF13016D}"
EndProject
Project("{FAE04EC0-301F-11D3-BF4B-00C04F79EFBC}") = "Basket.API", "Services\Basket\Basket.API\Basket.API.csproj", "{01CC17C2-D00C-48F3-A867-BB803173C069}"
EndProject
Global
	GlobalSection(SolutionConfigurationPlatforms) = preSolution
		Debug|Any CPU = Debug|Any CPU
		Release|Any CPU = Release|Any CPU
	EndGlobalSection
	GlobalSection(ProjectConfigurationPlatforms) = postSolution
		{541C92A2-E61A-4D10-AB5B-D053CD773A20}.Debug|Any CPU.ActiveCfg = Debug|Any CPU
		{541C92A2-E61A-4D10-AB5B-D053CD773A20}.Debug|Any CPU.Build.0 = Debug|Any CPU
		{541C92A2-E61A-4D10-AB5B-D053CD773A20}.Release|Any CPU.ActiveCfg = Release|Any CPU
		{541C92A2-E61A-4D10-AB5B-D053CD773A20}.Release|Any CPU.Build.0 = Release|Any CPU
		{9EFE83D4-81A3-4DCB-A8E4-04791E35E81B}.Debug|Any CPU.ActiveCfg = Debug|Any CPU
		{9EFE83D4-81A3-4DCB-A8E4-04791E35E81B}.Debug|Any CPU.Build.0 = Debug|Any CPU
		{9EFE83D4-81A3-4DCB-A8E4-04791E35E81B}.Release|Any CPU.ActiveCfg = Release|Any CPU
		{9EFE83D4-81A3-4DCB-A8E4-04791E35E81B}.Release|Any CPU.Build.0 = Release|Any CPU
		{4D92D4BF-05C1-4136-8EF7-D3A0F0629BB0}.Debug|Any CPU.ActiveCfg = Debug|Any CPU
		{4D92D4BF-05C1-4136-8EF7-D3A0F0629BB0}.Debug|Any CPU.Build.0 = Debug|Any CPU
		{4D92D4BF-05C1-4136-8EF7-D3A0F0629BB0}.Release|Any CPU.ActiveCfg = Release|Any CPU
		{4D92D4BF-05C1-4136-8EF7-D3A0F0629BB0}.Release|Any CPU.Build.0 = Release|Any CPU
		{01CC17C2-D00C-48F3-A867-BB803173C069}.Debug|Any CPU.ActiveCfg = Debug|Any CPU
		{01CC17C2-D00C-48F3-A867-BB803173C069}.Debug|Any CPU.Build.0 = Debug|Any CPU
		{01CC17C2-D00C-48F3-A867-BB803173C069}.Release|Any CPU.ActiveCfg = Release|Any CPU
		{01CC17C2-D00C-48F3-A867-BB803173C069}.Release|Any CPU.Build.0 = Release|Any CPU
	EndGlobalSection
	GlobalSection(SolutionProperties) = preSolution
		HideSolutionNode = FALSE
	EndGlobalSection
	GlobalSection(NestedProjects) = preSolution
		{52E69C2F-D1CA-4615-A9C1-C2A506BFA1B6} = {F9FBC0E3-8901-42F1-A1B3-70FBB0033A0E}
		{541C92A2-E61A-4D10-AB5B-D053CD773A20} = {52E69C2F-D1CA-4615-A9C1-C2A506BFA1B6}
		{9EFE83D4-81A3-4DCB-A8E4-04791E35E81B} = {5448D469-9F9F-4DB5-8B5C-B5D2F8DB74D0}
		{858AFACE-3B2C-4D81-94E6-7CE3FF13016D} = {F9FBC0E3-8901-42F1-A1B3-70FBB0033A0E}
		{01CC17C2-D00C-48F3-A867-BB803173C069} = {858AFACE-3B2C-4D81-94E6-7CE3FF13016D}
	EndGlobalSection
	GlobalSection(ExtensibilityGlobals) = postSolution
		SolutionGuid = {F189F306-C92C-48A9-9DF6-A06AF808B085}
	EndGlobalSection
EndGlobal
